
Microsoft Visual Studio Solution File, Format Version 12.00
# Visual Studio Version 17
VisualStudioVersion = 17.1.32421.90
MinimumVisualStudioVersion = 10.0.40219.1
Project("{FAE04EC0-301F-11D3-BF4B-00C04F79EFBC}") = "Console App", "Console App\Console App.csproj", "{E6FFD83F-E4F8-4572-B9FA-8CAFA5D8D418}"
EndProject
Global
	GlobalSection(SolutionConfigurationPlatforms) = preSolution
		Debug|Any CPU = Debug|Any CPU
		Release|Any CPU = Release|Any CPU
	EndGlobalSection
	GlobalSection(ProjectConfigurationPlatforms) = postSolution
		{E6FFD83F-E4F8-4572-B9FA-8CAFA5D8D418}.Debug|Any CPU.ActiveCfg = Debug|Any CPU
		{E6FFD83F-E4F8-4572-B9FA-8CAFA5D8D418}.Debug|Any CPU.Build.0 = Debug|Any CPU
		{E6FFD83F-E4F8-4572-B9FA-8CAFA5D8D418}.Release|Any CPU.ActiveCfg = Release|Any CPU
		{E6FFD83F-E4F8-4572-B9FA-8CAFA5D8D418}.Release|Any CPU.Build.0 = Release|Any CPU
	EndGlobalSection
	GlobalSection(SolutionProperties) = preSolution
		HideSolutionNode = FALSE
	EndGlobalSection
	GlobalSection(ExtensibilityGlobals) = postSolution
		SolutionGuid = {B535AF7B-BC86-408B-B132-28050FDF38A6}
	EndGlobalSection
EndGlobal
